
Microsoft Visual Studio Solution File, Format Version 12.00
# Visual Studio Version 16
VisualStudioVersion = 16.0.29519.87
MinimumVisualStudioVersion = 10.0.40219.1
Project("{8BC9CEB8-8B4A-11D0-8D11-00A0C91BC942}") = "Phân hoạch không gian", "Phân hoạch không gian\Phân hoạch không gian.vcxproj", "{6A7933CD-EBA8-4541-8B8F-31F85514D2CD}"
EndProject
Global
	GlobalSection(SolutionConfigurationPlatforms) = preSolution
		Debug|x64 = Debug|x64
		Debug|x86 = Debug|x86
		Release|x64 = Release|x64
		Release|x86 = Release|x86
	EndGlobalSection
	GlobalSection(ProjectConfigurationPlatforms) = postSolution
		{6A7933CD-EBA8-4541-8B8F-31F85514D2CD}.Debug|x64.ActiveCfg = Debug|x64
		{6A7933CD-EBA8-4541-8B8F-31F85514D2CD}.Debug|x64.Build.0 = Debug|x64
		{6A7933CD-EBA8-4541-8B8F-31F85514D2CD}.Debug|x86.ActiveCfg = Debug|Win32
		{6A7933CD-EBA8-4541-8B8F-31F85514D2CD}.Debug|x86.Build.0 = Debug|Win32
		{6A7933CD-EBA8-4541-8B8F-31F85514D2CD}.Release|x64.ActiveCfg = Release|x64
		{6A7933CD-EBA8-4541-8B8F-31F85514D2CD}.Release|x64.Build.0 = Release|x64
		{6A7933CD-EBA8-4541-8B8F-31F85514D2CD}.Release|x86.ActiveCfg = Release|Win32
		{6A7933CD-EBA8-4541-8B8F-31F85514D2CD}.Release|x86.Build.0 = Release|Win32
	EndGlobalSection
	GlobalSection(SolutionProperties) = preSolution
		HideSolutionNode = FALSE
	EndGlobalSection
	GlobalSection(ExtensibilityGlobals) = postSolution
		SolutionGuid = {B4756FBC-6207-45A2-93CB-FC119D343EC4}
	EndGlobalSection
EndGlobal
